
Microsoft Visual Studio Solution File, Format Version 12.00
# Visual Studio Version 16
VisualStudioVersion = 16.0.31112.23
MinimumVisualStudioVersion = 10.0.40219.1
Project("{FAE04EC0-301F-11D3-BF4B-00C04F79EFBC}") = "TicTacToe_WPF", "TicTacToe_WPF.csproj", "{7D8A0077-BD73-46DF-9E7B-6D999A220856}"
EndProject
Global
	GlobalSection(SolutionConfigurationPlatforms) = preSolution
		Debug|Any CPU = Debug|Any CPU
		Release|Any CPU = Release|Any CPU
	EndGlobalSection
	GlobalSection(ProjectConfigurationPlatforms) = postSolution
		{7D8A0077-BD73-46DF-9E7B-6D999A220856}.Debug|Any CPU.ActiveCfg = Debug|Any CPU
		{7D8A0077-BD73-46DF-9E7B-6D999A220856}.Debug|Any CPU.Build.0 = Debug|Any CPU
		{7D8A0077-BD73-46DF-9E7B-6D999A220856}.Release|Any CPU.ActiveCfg = Release|Any CPU
		{7D8A0077-BD73-46DF-9E7B-6D999A220856}.Release|Any CPU.Build.0 = Release|Any CPU
	EndGlobalSection
	GlobalSection(SolutionProperties) = preSolution
		HideSolutionNode = FALSE
	EndGlobalSection
	GlobalSection(ExtensibilityGlobals) = postSolution
		SolutionGuid = {6AEE7FAA-0C87-4FC8-8ED7-3319B6601231}
	EndGlobalSection
EndGlobal
